{
    "name": "kill-process-occupying-port",
    "version": "0.0.0",
    "lockfileVersion": 1,
    "requires": true,
    "dependencies": {
        "@types/inquirer": {
            "version": "0.0.35",
            "resolved": "https://registry.npmjs.org/@types/inquirer/-/inquirer-0.0.35.tgz",
            "integrity": "sha512-/6WyyGROIw6qCmS8KmQtyt9Tj1OX7xIrGloAwMMOaNb3W/+QrrlL4Be4TDvLO4dlvw8gFrHfeXiWxS/k82jgEQ==",
            "dev": true,
            "requires": {
                "@types/rx": "4.1.1",
                "@types/through": "0.0.29"
            }
        },
        "@types/node": {
            "version": "7.0.39",
            "resolved": "https://registry.npmjs.org/@types/node/-/node-7.0.39.tgz",
            "integrity": "sha512-KQHAZeVsk4UIT9XaR6cn4WpHZzimK6UBD1UomQKfQQFmTlUHaNBzeuov+TM4+kigLO0IJt4I5OOsshcCyA9gSA==",
            "dev": true
        },
        "@types/rx": {
            "version": "4.1.1",
            "resolved": "https://registry.npmjs.org/@types/rx/-/rx-4.1.1.tgz",
            "integrity": "sha1-WY/JSla67ZdfGUV04PVy/Y5iekg=",
            "dev": true,
            "requires": {
                "@types/rx-core": "4.0.3",
                "@types/rx-core-binding": "4.0.4",
                "@types/rx-lite": "4.0.4",
                "@types/rx-lite-aggregates": "4.0.3",
                "@types/rx-lite-async": "4.0.2",
                "@types/rx-lite-backpressure": "4.0.3",
                "@types/rx-lite-coincidence": "4.0.3",
                "@types/rx-lite-experimental": "4.0.1",
                "@types/rx-lite-joinpatterns": "4.0.1",
                "@types/rx-lite-testing": "4.0.1",
                "@types/rx-lite-time": "4.0.3",
                "@types/rx-lite-virtualtime": "4.0.3"
            }
        },
        "@types/rx-core": {
            "version": "4.0.3",
            "resolved": "https://registry.npmjs.org/@types/rx-core/-/rx-core-4.0.3.tgz",
            "integrity": "sha1-CzNUsSOM7b4rdPYybxOdvHpZHWA=",
            "dev": true
        },
        "@types/rx-core-binding": {
            "version": "4.0.4",
            "resolved": "https://registry.npmjs.org/@types/rx-core-binding/-/rx-core-binding-4.0.4.tgz",
            "integrity": "sha512-5pkfxnC4w810LqBPUwP5bg7SFR/USwhMSaAeZQQbEHeBp57pjKXRlXmqpMrLJB4y1oglR/c2502853uN0I+DAQ==",
            "dev": true,
            "requires": {
                "@types/rx-core": "4.0.3"
            }
        },
        "@types/rx-lite": {
            "version": "4.0.4",
            "resolved": "https://registry.npmjs.org/@types/rx-lite/-/rx-lite-4.0.4.tgz",
            "integrity": "sha1-cQ6/idCi1ZbCEEfZGxJCvO9Rwws=",
            "dev": true,
            "requires": {
                "@types/rx-core": "4.0.3",
                "@types/rx-core-binding": "4.0.4"
            }
        },
        "@types/rx-lite-aggregates": {
            "version": "4.0.3",
            "resolved": "https://registry.npmjs.org/@types/rx-lite-aggregates/-/rx-lite-aggregates-4.0.3.tgz",
            "integrity": "sha512-MAGDAHy8cRatm94FDduhJF+iNS5//jrZ/PIfm+QYw9OCeDgbymFHChM8YVIvN2zArwsRftKgE33QfRWvQk4DPg==",
            "dev": true,
            "requires": {
                "@types/rx-lite": "4.0.4"
            }
        },
        "@types/rx-lite-async": {
            "version": "4.0.2",
            "resolved": "https://registry.npmjs.org/@types/rx-lite-async/-/rx-lite-async-4.0.2.tgz",
            "integrity": "sha512-vTEv5o8l6702ZwfAM5aOeVDfUwBSDOs+ARoGmWAKQ6LOInQ8J4/zjM7ov12fuTpktUKdMQjkeCp07Vd73mPkxw==",
            "dev": true,
            "requires": {
                "@types/rx-lite": "4.0.4"
            }
        },
        "@types/rx-lite-backpressure": {
            "version": "4.0.3",
            "resolved": "https://registry.npmjs.org/@types/rx-lite-backpressure/-/rx-lite-backpressure-4.0.3.tgz",
            "integrity": "sha512-Y6aIeQCtNban5XSAF4B8dffhIKu6aAy/TXFlScHzSxh6ivfQBQw6UjxyEJxIOt3IT49YkS+siuayM2H/Q0cmgA==",
            "dev": true,
            "requires": {
                "@types/rx-lite": "4.0.4"
            }
        },
        "@types/rx-lite-coincidence": {
            "version": "4.0.3",
            "resolved": "https://registry.npmjs.org/@types/rx-lite-coincidence/-/rx-lite-coincidence-4.0.3.tgz",
            "integrity": "sha512-1VNJqzE9gALUyMGypDXZZXzR0Tt7LC9DdAZQ3Ou/Q0MubNU35agVUNXKGHKpNTba+fr8GdIdkC26bRDqtCQBeQ==",
            "dev": true,
            "requires": {
                "@types/rx-lite": "4.0.4"
            }
        },
        "@types/rx-lite-experimental": {
            "version": "4.0.1",
            "resolved": "https://registry.npmjs.org/@types/rx-lite-experimental/-/rx-lite-experimental-4.0.1.tgz",
            "integrity": "sha1-xTL1y98/LBXaFt7Ykw0bKYQCPL0=",
            "dev": true,
            "requires": {
                "@types/rx-lite": "4.0.4"
            }
        },
        "@types/rx-lite-joinpatterns": {
            "version": "4.0.1",
            "resolved": "https://registry.npmjs.org/@types/rx-lite-joinpatterns/-/rx-lite-joinpatterns-4.0.1.tgz",
            "integrity": "sha1-9w/jcFGKhDLykVjMkv+1a05K/D4=",
            "dev": true,
            "requires": {
                "@types/rx-lite": "4.0.4"
            }
        },
        "@types/rx-lite-testing": {
            "version": "4.0.1",
            "resolved": "https://registry.npmjs.org/@types/rx-lite-testing/-/rx-lite-testing-4.0.1.tgz",
            "integrity": "sha1-IbGdEfTf1v/vWp0WSOnIh5v+Iek=",
            "dev": true,
            "requires": {
                "@types/rx-lite-virtualtime": "4.0.3"
            }
        },
        "@types/rx-lite-time": {
            "version": "4.0.3",
            "resolved": "https://registry.npmjs.org/@types/rx-lite-time/-/rx-lite-time-4.0.3.tgz",
            "integrity": "sha512-ukO5sPKDRwCGWRZRqPlaAU0SKVxmWwSjiOrLhoQDoWxZWg6vyB9XLEZViKOzIO6LnTIQBlk4UylYV0rnhJLxQw==",
            "dev": true,
            "requires": {
                "@types/rx-lite": "4.0.4"
            }
        },
        "@types/rx-lite-virtualtime": {
            "version": "4.0.3",
            "resolved": "https://registry.npmjs.org/@types/rx-lite-virtualtime/-/rx-lite-virtualtime-4.0.3.tgz",
            "integrity": "sha512-3uC6sGmjpOKatZSVHI2xB1+dedgml669ZRvqxy+WqmGJDVusOdyxcKfyzjW0P3/GrCiN4nmRkLVMhPwHCc5QLg==",
            "dev": true,
            "requires": {
                "@types/rx-lite": "4.0.4"
            }
        },
        "@types/through": {
            "version": "0.0.29",
            "resolved": "https://registry.npmjs.org/@types/through/-/through-0.0.29.tgz",
            "integrity": "sha512-9a7C5VHh+1BKblaYiq+7Tfc+EOmjMdZaD1MYtkQjSoxgB69tBjW98ry6SKsi4zEIWztLOMRuL87A3bdT/Fc/4w==",
            "dev": true,
            "requires": {
                "@types/node": "7.0.39"
            }
        },
        "@types/yargs": {
            "version": "8.0.2",
            "resolved": "https://registry.npmjs.org/@types/yargs/-/yargs-8.0.2.tgz",
            "integrity": "sha512-Upj9YsBZRgjEVPvsaeGru48d2JiyzBNZkmkebHyoaQ+UM9wqj/rp5mkilRjSq/Ga45yfd/zwrNuML9f2gGfVpw==",
            "dev": true
        },
        "ansi-escapes": {
            "version": "2.0.0",
            "resolved": "https://registry.npmjs.org/ansi-escapes/-/ansi-escapes-2.0.0.tgz",
            "integrity": "sha1-W65SvkJIeN2Xg+iRDj/Cki6DyBs="
        },
        "ansi-regex": {
            "version": "2.1.1",
            "resolved": "https://registry.npmjs.org/ansi-regex/-/ansi-regex-2.1.1.tgz",
            "integrity": "sha1-w7M6te42DYbg5ijwRorn7yfWVN8="
        },
        "ansi-styles": {
            "version": "3.2.0",
            "resolved": "https://registry.npmjs.org/ansi-styles/-/ansi-styles-3.2.0.tgz",
            "integrity": "sha512-NnSOmMEYtVR2JVMIGTzynRkkaxtiq1xnFBcdQD/DnNCYPoEPsVJhM98BDyaoNOQIi7p4okdi3E27eN7GQbsUug==",
            "requires": {
                "color-convert": "1.9.0"
            }
        },
        "async": {
            "version": "1.5.2",
            "resolved": "https://registry.npmjs.org/async/-/async-1.5.2.tgz",
            "integrity": "sha1-7GphrlZIDAw8skHJVhjiCJL5Zyo="
        },
        "bluebird": {
            "version": "3.5.0",
            "resolved": "https://registry.npmjs.org/bluebird/-/bluebird-3.5.0.tgz",
            "integrity": "sha1-eRQg1/VR7qKJdFOop3ZT+WYG1nw="
        },
        "builtin-modules": {
            "version": "1.1.1",
            "resolved": "https://registry.npmjs.org/builtin-modules/-/builtin-modules-1.1.1.tgz",
            "integrity": "sha1-Jw8HbFpywC9bZaR9+Uxf46J4iS8="
        },
        "builtins": {
            "version": "1.0.3",
            "resolved": "https://registry.npmjs.org/builtins/-/builtins-1.0.3.tgz",
            "integrity": "sha1-y5T662HIaWRR2zZTThQi+U8K7og=",
            "dev": true
        },
        "camelcase": {
            "version": "4.1.0",
            "resolved": "https://registry.npmjs.org/camelcase/-/camelcase-4.1.0.tgz",
            "integrity": "sha1-1UVjW+HjPFQmScaRc+Xeas+uNN0="
        },
        "chalk": {
            "version": "2.1.0",
            "resolved": "https://registry.npmjs.org/chalk/-/chalk-2.1.0.tgz",
            "integrity": "sha512-LUHGS/dge4ujbXMJrnihYMcL4AoOweGnw9Tp3kQuqy1Kx5c1qKjqvMJZ6nVJPMWJtKCTN72ZogH3oeSO9g9rXQ==",
            "requires": {
                "ansi-styles": "3.2.0",
                "escape-string-regexp": "1.0.5",
                "supports-color": "4.2.1"
            }
        },
        "cli-cursor": {
            "version": "2.1.0",
            "resolved": "https://registry.npmjs.org/cli-cursor/-/cli-cursor-2.1.0.tgz",
            "integrity": "sha1-s12sN2R5+sw+lHR9QdDQ9SOP/LU=",
            "requires": {
                "restore-cursor": "2.0.0"
            }
        },
        "cli-width": {
            "version": "2.2.0",
            "resolved": "https://registry.npmjs.org/cli-width/-/cli-width-2.2.0.tgz",
            "integrity": "sha1-/xnt6Kml5XkyQUewwR8PvLq+1jk="
        },
        "cliui": {
            "version": "3.2.0",
            "resolved": "https://registry.npmjs.org/cliui/-/cliui-3.2.0.tgz",
            "integrity": "sha1-EgYBU3qRbSmUD5NNo7SNWFo5IT0=",
            "requires": {
                "string-width": "1.0.2",
                "strip-ansi": "3.0.1",
                "wrap-ansi": "2.1.0"
            },
            "dependencies": {
                "string-width": {
                    "version": "1.0.2",
                    "resolved": "https://registry.npmjs.org/string-width/-/string-width-1.0.2.tgz",
                    "integrity": "sha1-EYvfW4zcUaKn5w0hHgfisLmxB9M=",
                    "requires": {
                        "code-point-at": "1.1.0",
                        "is-fullwidth-code-point": "1.0.0",
                        "strip-ansi": "3.0.1"
                    }
                }
            }
        },
        "code-point-at": {
            "version": "1.1.0",
            "resolved": "https://registry.npmjs.org/code-point-at/-/code-point-at-1.1.0.tgz",
            "integrity": "sha1-DQcLTQQ6W+ozovGkDi7bPZpMz3c="
        },
        "color-convert": {
            "version": "1.9.0",
            "resolved": "https://registry.npmjs.org/color-convert/-/color-convert-1.9.0.tgz",
            "integrity": "sha1-Gsz5fdc5uYO/mU1W/sj5WFNkG3o=",
            "requires": {
                "color-name": "1.1.3"
            }
        },
        "color-name": {
            "version": "1.1.3",
            "resolved": "https://registry.npmjs.org/color-name/-/color-name-1.1.3.tgz",
            "integrity": "sha1-p9BVi9icQveV3UIyj3QIMcpTvCU="
        },
        "cross-spawn": {
            "version": "5.1.0",
            "resolved": "https://registry.npmjs.org/cross-spawn/-/cross-spawn-5.1.0.tgz",
            "integrity": "sha1-6L0O/uWPz/b4+UUQoKVUu/ojVEk=",
            "requires": {
                "lru-cache": "4.1.1",
                "shebang-command": "1.2.0",
                "which": "1.3.0"
            }
        },
        "debug": {
            "version": "2.6.8",
            "resolved": "https://registry.npmjs.org/debug/-/debug-2.6.8.tgz",
            "integrity": "sha1-5zFTHKLt4n0YgiJCfaF4IdaP9Pw=",
            "requires": {
                "ms": "2.0.0"
            }
        },
        "decamelize": {
            "version": "1.2.0",
            "resolved": "https://registry.npmjs.org/decamelize/-/decamelize-1.2.0.tgz",
            "integrity": "sha1-9lNNFRSCabIDUue+4m9QH5oZEpA="
        },
        "error-ex": {
            "version": "1.3.1",
            "resolved": "https://registry.npmjs.org/error-ex/-/error-ex-1.3.1.tgz",
            "integrity": "sha1-+FWobOYa3E6GIcPNoh56dhLDqNw=",
            "requires": {
                "is-arrayish": "0.2.1"
            }
        },
        "escape-string-regexp": {
            "version": "1.0.5",
            "resolved": "https://registry.npmjs.org/escape-string-regexp/-/escape-string-regexp-1.0.5.tgz",
            "integrity": "sha1-G2HAViGQqN/2rjuyzwIAyhMLhtQ="
        },
        "execa": {
            "version": "0.7.0",
            "resolved": "https://registry.npmjs.org/execa/-/execa-0.7.0.tgz",
            "integrity": "sha1-lEvs00zEHuMqY6n68nrVpl/Fl3c=",
            "requires": {
                "cross-spawn": "5.1.0",
                "get-stream": "3.0.0",
                "is-stream": "1.1.0",
                "npm-run-path": "2.0.2",
                "p-finally": "1.0.0",
                "signal-exit": "3.0.2",
                "strip-eof": "1.0.0"
            }
        },
        "external-editor": {
            "version": "2.0.4",
            "resolved": "https://registry.npmjs.org/external-editor/-/external-editor-2.0.4.tgz",
            "integrity": "sha1-HtkZnanL/i7y96MbL96LDRI2iXI=",
            "requires": {
                "iconv-lite": "0.4.18",
                "jschardet": "1.5.1",
                "tmp": "0.0.31"
            }
        },
        "figures": {
            "version": "2.0.0",
            "resolved": "https://registry.npmjs.org/figures/-/figures-2.0.0.tgz",
            "integrity": "sha1-OrGi0qYsi/tDGgyUy3l6L84nyWI=",
            "requires": {
                "escape-string-regexp": "1.0.5"
            }
        },
        "find-up": {
            "version": "2.1.0",
            "resolved": "https://registry.npmjs.org/find-up/-/find-up-2.1.0.tgz",
            "integrity": "sha1-RdG35QbHF93UgndaK3eSCjwMV6c=",
            "requires": {
                "locate-path": "2.0.0"
            }
        },
        "get-caller-file": {
            "version": "1.0.2",
            "resolved": "https://registry.npmjs.org/get-caller-file/-/get-caller-file-1.0.2.tgz",
            "integrity": "sha1-9wLmMSfn4jHBYKgMFVSstw1QR+U="
        },
        "get-stream": {
            "version": "3.0.0",
            "resolved": "https://registry.npmjs.org/get-stream/-/get-stream-3.0.0.tgz",
            "integrity": "sha1-jpQ9E1jcN1VQVOy+LtsFqhdO3hQ="
        },
        "graceful-fs": {
            "version": "4.1.11",
            "resolved": "https://registry.npmjs.org/graceful-fs/-/graceful-fs-4.1.11.tgz",
            "integrity": "sha1-Dovf5NHduIVNZOBOp8AOKgJuVlg="
        },
        "has-flag": {
            "version": "2.0.0",
            "resolved": "https://registry.npmjs.org/has-flag/-/has-flag-2.0.0.tgz",
            "integrity": "sha1-6CB68cx7MNRGzHC3NLXovhj4jVE="
        },
        "hosted-git-info": {
            "version": "2.5.0",
            "resolved": "https://registry.npmjs.org/hosted-git-info/-/hosted-git-info-2.5.0.tgz",
            "integrity": "sha512-pNgbURSuab90KbTqvRPsseaTxOJCZBD0a7t+haSN33piP9cCM4l0CqdzAif2hUqm716UovKB2ROmiabGAKVXyg=="
        },
        "iconv-lite": {
            "version": "0.4.18",
            "resolved": "https://registry.npmjs.org/iconv-lite/-/iconv-lite-0.4.18.tgz",
            "integrity": "sha512-sr1ZQph3UwHTR0XftSbK85OvBbxe/abLGzEnPENCQwmHf7sck8Oyu4ob3LgBxWWxRoM+QszeUyl7jbqapu2TqA=="
        },
        "inquirer": {
            "version": "3.2.2",
            "resolved": "https://registry.npmjs.org/inquirer/-/inquirer-3.2.2.tgz",
            "integrity": "sha512-bTKLzEHJVATimZO/YFdLrom0lRx1BHfRYskFHfIMVkGdp8+dIZaxuU+4yrsS1lcu6YWywVQVVsfvdwESzbeqHw==",
            "requires": {
                "ansi-escapes": "2.0.0",
                "chalk": "2.1.0",
                "cli-cursor": "2.1.0",
                "cli-width": "2.2.0",
                "external-editor": "2.0.4",
                "figures": "2.0.0",
                "lodash": "4.17.4",
                "mute-stream": "0.0.7",
                "run-async": "2.3.0",
                "rx-lite": "4.0.8",
                "rx-lite-aggregates": "4.0.8",
                "string-width": "2.1.1",
                "strip-ansi": "4.0.0",
                "through": "2.3.8"
            },
            "dependencies": {
                "ansi-regex": {
                    "version": "3.0.0",
                    "resolved": "https://registry.npmjs.org/ansi-regex/-/ansi-regex-3.0.0.tgz",
                    "integrity": "sha1-7QMXwyIGT3lGbAKWa922Bas32Zg="
                },
                "strip-ansi": {
                    "version": "4.0.0",
                    "resolved": "https://registry.npmjs.org/strip-ansi/-/strip-ansi-4.0.0.tgz",
                    "integrity": "sha1-qEeQIusaw2iocTibY1JixQXuNo8=",
                    "requires": {
                        "ansi-regex": "3.0.0"
                    }
                }
            }
        },
        "invert-kv": {
            "version": "1.0.0",
            "resolved": "https://registry.npmjs.org/invert-kv/-/invert-kv-1.0.0.tgz",
            "integrity": "sha1-EEqOSqym09jNFXqO+L+rLXo//bY="
        },
        "is-arrayish": {
            "version": "0.2.1",
            "resolved": "https://registry.npmjs.org/is-arrayish/-/is-arrayish-0.2.1.tgz",
            "integrity": "sha1-d8mYQFJ6qOyxqLppe4BkWnqSap0="
        },
        "is-builtin-module": {
            "version": "1.0.0",
            "resolved": "https://registry.npmjs.org/is-builtin-module/-/is-builtin-module-1.0.0.tgz",
            "integrity": "sha1-VAVy0096wxGfj3bDDLwbHgN6/74=",
            "requires": {
                "builtin-modules": "1.1.1"
            }
        },
        "is-fullwidth-code-point": {
            "version": "1.0.0",
            "resolved": "https://registry.npmjs.org/is-fullwidth-code-point/-/is-fullwidth-code-point-1.0.0.tgz",
            "integrity": "sha1-754xOG8DGn8NZDr4L95QxFfvAMs=",
            "requires": {
                "number-is-nan": "1.0.1"
            }
        },
        "is-promise": {
            "version": "2.1.0",
            "resolved": "https://registry.npmjs.org/is-promise/-/is-promise-2.1.0.tgz",
            "integrity": "sha1-eaKp7OfwlugPNtKy87wWwf9L8/o="
        },
        "is-stream": {
            "version": "1.1.0",
            "resolved": "https://registry.npmjs.org/is-stream/-/is-stream-1.1.0.tgz",
            "integrity": "sha1-EtSj3U5o4Lec6428hBc66A2RykQ="
        },
        "isexe": {
            "version": "2.0.0",
            "resolved": "https://registry.npmjs.org/isexe/-/isexe-2.0.0.tgz",
            "integrity": "sha1-6PvzdNxVb/iUehDcsFctYz8s+hA="
        },
        "jschardet": {
            "version": "1.5.1",
            "resolved": "https://registry.npmjs.org/jschardet/-/jschardet-1.5.1.tgz",
            "integrity": "sha512-vE2hT1D0HLZCLLclfBSfkfTTedhVj0fubHpJBHKwwUWX0nSbhPAfk+SG9rTX95BYNmau8rGFfCeaT6T5OW1C2A=="
        },
        "lcid": {
            "version": "1.0.0",
            "resolved": "https://registry.npmjs.org/lcid/-/lcid-1.0.0.tgz",
            "integrity": "sha1-MIrMr6C8SDo4Z7S28rlQYlHRuDU=",
            "requires": {
                "invert-kv": "1.0.0"
            }
        },
        "load-json-file": {
            "version": "2.0.0",
            "resolved": "https://registry.npmjs.org/load-json-file/-/load-json-file-2.0.0.tgz",
            "integrity": "sha1-eUfkIUmvgNaWy/eXvKq8/h/inKg=",
            "requires": {
                "graceful-fs": "4.1.11",
                "parse-json": "2.2.0",
                "pify": "2.3.0",
                "strip-bom": "3.0.0"
            }
        },
        "locate-path": {
            "version": "2.0.0",
            "resolved": "https://registry.npmjs.org/locate-path/-/locate-path-2.0.0.tgz",
            "integrity": "sha1-K1aLJl7slExtnA3pw9u7ygNUzY4=",
            "requires": {
                "p-locate": "2.0.0",
                "path-exists": "3.0.0"
            }
        },
        "lodash": {
            "version": "4.17.4",
            "resolved": "https://registry.npmjs.org/lodash/-/lodash-4.17.4.tgz",
            "integrity": "sha1-eCA6TRwyiuHYbcpkYONptX9AVa4="
        },
        "lru-cache": {
            "version": "4.1.1",
            "resolved": "https://registry.npmjs.org/lru-cache/-/lru-cache-4.1.1.tgz",
            "integrity": "sha512-q4spe4KTfsAS1SUHLO0wz8Qiyf1+vMIAgpRYioFYDMNqKfHQbg+AVDH3i4fvpl71/P1L0dBl+fQi+P37UYf0ew==",
            "requires": {
                "pseudomap": "1.0.2",
                "yallist": "2.1.2"
            }
        },
        "mem": {
            "version": "1.1.0",
            "resolved": "https://registry.npmjs.org/mem/-/mem-1.1.0.tgz",
            "integrity": "sha1-Xt1StIXKHZAP5kiVUFOZoN+kX3Y=",
            "requires": {
                "mimic-fn": "1.1.0"
            }
        },
        "mimic-fn": {
            "version": "1.1.0",
            "resolved": "https://registry.npmjs.org/mimic-fn/-/mimic-fn-1.1.0.tgz",
            "integrity": "sha1-5md4PZLonb00KBi1IwudYqZyrRg="
        },
        "minimist": {
            "version": "0.0.8",
            "resolved": "https://registry.npmjs.org/minimist/-/minimist-0.0.8.tgz",
            "integrity": "sha1-hX/Kv8M5fSYluCKCYuhqp6ARsF0="
        },
        "mkdirp": {
            "version": "0.5.1",
            "resolved": "https://registry.npmjs.org/mkdirp/-/mkdirp-0.5.1.tgz",
            "integrity": "sha1-MAV0OOrGz3+MR2fzhkjWaX11yQM=",
            "requires": {
                "minimist": "0.0.8"
            }
        },
        "ms": {
            "version": "2.0.0",
            "resolved": "https://registry.npmjs.org/ms/-/ms-2.0.0.tgz",
            "integrity": "sha1-VgiurfwAvmwpAd9fmGF4jeDVl8g="
        },
        "mute-stream": {
            "version": "0.0.7",
            "resolved": "https://registry.npmjs.org/mute-stream/-/mute-stream-0.0.7.tgz",
            "integrity": "sha1-MHXOk7whuPq0PhvE2n6BFe0ee6s="
        },
        "normalize-package-data": {
            "version": "2.4.0",
            "resolved": "https://registry.npmjs.org/normalize-package-data/-/normalize-package-data-2.4.0.tgz",
            "integrity": "sha512-9jjUFbTPfEy3R/ad/2oNbKtW9Hgovl5O1FvFWKkKblNXoN/Oou6+9+KKohPK13Yc3/TyunyWhJp6gvRNR/PPAw==",
            "requires": {
                "hosted-git-info": "2.5.0",
                "is-builtin-module": "1.0.0",
                "semver": "5.4.1",
                "validate-npm-package-license": "3.0.1"
            }
        },
        "npm-run-path": {
            "version": "2.0.2",
            "resolved": "https://registry.npmjs.org/npm-run-path/-/npm-run-path-2.0.2.tgz",
            "integrity": "sha1-NakjLfo11wZ7TLLd8jV7GHFTbF8=",
            "requires": {
                "path-key": "2.0.1"
            }
        },
        "number-is-nan": {
            "version": "1.0.1",
            "resolved": "https://registry.npmjs.org/number-is-nan/-/number-is-nan-1.0.1.tgz",
            "integrity": "sha1-CXtgK1NCKlIsGvuHkDGDNpQaAR0="
        },
        "onetime": {
            "version": "2.0.1",
            "resolved": "https://registry.npmjs.org/onetime/-/onetime-2.0.1.tgz",
            "integrity": "sha1-BnQoIw/WdEOyeUsiu6UotoZ5YtQ=",
            "requires": {
                "mimic-fn": "1.1.0"
            }
        },
        "os-locale": {
            "version": "2.1.0",
            "resolved": "https://registry.npmjs.org/os-locale/-/os-locale-2.1.0.tgz",
            "integrity": "sha512-3sslG3zJbEYcaC4YVAvDorjGxc7tv6KVATnLPZONiljsUncvihe9BQoVCEs0RZ1kmf4Hk9OBqlZfJZWI4GanKA==",
            "requires": {
                "execa": "0.7.0",
                "lcid": "1.0.0",
                "mem": "1.1.0"
            }
        },
        "os-tmpdir": {
            "version": "1.0.2",
            "resolved": "https://registry.npmjs.org/os-tmpdir/-/os-tmpdir-1.0.2.tgz",
            "integrity": "sha1-u+Z0BseaqFxc/sdm/lc0VV36EnQ="
        },
        "p-finally": {
            "version": "1.0.0",
            "resolved": "https://registry.npmjs.org/p-finally/-/p-finally-1.0.0.tgz",
            "integrity": "sha1-P7z7FbiZpEEjs0ttzBi3JDNqLK4="
        },
        "p-limit": {
            "version": "1.1.0",
            "resolved": "https://registry.npmjs.org/p-limit/-/p-limit-1.1.0.tgz",
            "integrity": "sha1-sH/y2aXYi+yAYDWJWiurZqJ5iLw="
        },
        "p-locate": {
            "version": "2.0.0",
            "resolved": "https://registry.npmjs.org/p-locate/-/p-locate-2.0.0.tgz",
            "integrity": "sha1-IKAQOyIqcMj9OcwuWAaA893l7EM=",
            "requires": {
                "p-limit": "1.1.0"
            }
        },
        "parse-json": {
            "version": "2.2.0",
            "resolved": "https://registry.npmjs.org/parse-json/-/parse-json-2.2.0.tgz",
            "integrity": "sha1-9ID0BDTvgHQfhGkJn43qGPVaTck=",
            "requires": {
                "error-ex": "1.3.1"
            }
        },
        "path-exists": {
            "version": "3.0.0",
            "resolved": "https://registry.npmjs.org/path-exists/-/path-exists-3.0.0.tgz",
            "integrity": "sha1-zg6+ql94yxiSXqfYENe1mwEP1RU="
        },
        "path-key": {
            "version": "2.0.1",
            "resolved": "https://registry.npmjs.org/path-key/-/path-key-2.0.1.tgz",
            "integrity": "sha1-QRyttXTFoUDTpLGRDUDYDMn0C0A="
        },
        "path-parse": {
            "version": "1.0.5",
            "resolved": "https://registry.npmjs.org/path-parse/-/path-parse-1.0.5.tgz",
            "integrity": "sha1-PBrfhx6pzWyUMbbqK9dKD/BVxME="
        },
        "path-type": {
            "version": "2.0.0",
            "resolved": "https://registry.npmjs.org/path-type/-/path-type-2.0.0.tgz",
            "integrity": "sha1-8BLMuEFbcJb8LaoQVMPXI4lZTHM=",
            "requires": {
                "pify": "2.3.0"
            }
        },
        "pify": {
            "version": "2.3.0",
            "resolved": "https://registry.npmjs.org/pify/-/pify-2.3.0.tgz",
            "integrity": "sha1-7RQaasBDqEnqWISY59yosVMw6Qw="
        },
        "portfinder": {
            "version": "1.0.13",
            "resolved": "https://registry.npmjs.org/portfinder/-/portfinder-1.0.13.tgz",
            "integrity": "sha1-uzLs2HwnEErm7kS1o8y/Drsa7ek=",
            "requires": {
                "async": "1.5.2",
                "debug": "2.6.8",
                "mkdirp": "0.5.1"
            }
        },
        "pseudomap": {
            "version": "1.0.2",
            "resolved": "https://registry.npmjs.org/pseudomap/-/pseudomap-1.0.2.tgz",
            "integrity": "sha1-8FKijacOYYkX7wqKw0wa5aaChrM="
        },
        "read-pkg": {
            "version": "2.0.0",
            "resolved": "https://registry.npmjs.org/read-pkg/-/read-pkg-2.0.0.tgz",
            "integrity": "sha1-jvHAYjxqbbDcZxPEv6xGMysjaPg=",
            "requires": {
                "load-json-file": "2.0.0",
                "normalize-package-data": "2.4.0",
                "path-type": "2.0.0"
            }
        },
        "read-pkg-up": {
            "version": "2.0.0",
            "resolved": "https://registry.npmjs.org/read-pkg-up/-/read-pkg-up-2.0.0.tgz",
            "integrity": "sha1-a3KoBImE4MQeeVEP1en6mbO1Sb4=",
            "requires": {
                "find-up": "2.1.0",
                "read-pkg": "2.0.0"
            }
        },
        "require-directory": {
            "version": "2.1.1",
            "resolved": "https://registry.npmjs.org/require-directory/-/require-directory-2.1.1.tgz",
            "integrity": "sha1-jGStX9MNqxyXbiNE/+f3kqam30I="
        },
        "require-main-filename": {
            "version": "1.0.1",
            "resolved": "https://registry.npmjs.org/require-main-filename/-/require-main-filename-1.0.1.tgz",
            "integrity": "sha1-l/cXtp1IeE9fUmpsWqj/3aBVpNE="
        },
        "resolve": {
            "version": "1.4.0",
            "resolved": "https://registry.npmjs.org/resolve/-/resolve-1.4.0.tgz",
            "integrity": "sha512-aW7sVKPufyHqOmyyLzg/J+8606v5nevBgaliIlV7nUpVMsDnoBGV/cbSLNjZAg9q0Cfd/+easKVKQ8vOu8fn1Q==",
            "requires": {
                "path-parse": "1.0.5"
            }
        },
        "restore-cursor": {
            "version": "2.0.0",
            "resolved": "https://registry.npmjs.org/restore-cursor/-/restore-cursor-2.0.0.tgz",
            "integrity": "sha1-n37ih/gv0ybU/RYpI9YhKe7g368=",
            "requires": {
                "onetime": "2.0.1",
                "signal-exit": "3.0.2"
            }
        },
        "run-async": {
            "version": "2.3.0",
            "resolved": "https://registry.npmjs.org/run-async/-/run-async-2.3.0.tgz",
            "integrity": "sha1-A3GrSuC91yDUFm19/aZP96RFpsA=",
            "requires": {
                "is-promise": "2.1.0"
            }
        },
        "rx-lite": {
            "version": "4.0.8",
            "resolved": "https://registry.npmjs.org/rx-lite/-/rx-lite-4.0.8.tgz",
            "integrity": "sha1-Cx4Rr4vESDbwSmQH6S2kJGe3lEQ="
        },
        "rx-lite-aggregates": {
            "version": "4.0.8",
            "resolved": "https://registry.npmjs.org/rx-lite-aggregates/-/rx-lite-aggregates-4.0.8.tgz",
            "integrity": "sha1-dTuHqJoRyVRnxKwWJsTvxOBcZ74=",
            "requires": {
                "rx-lite": "4.0.8"
            }
        },
        "semver": {
            "version": "5.4.1",
            "resolved": "https://registry.npmjs.org/semver/-/semver-5.4.1.tgz",
            "integrity": "sha512-WfG/X9+oATh81XtllIo/I8gOiY9EXRdv1cQdyykeXK17YcUW3EXUAi2To4pcH6nZtJPr7ZOpM5OMyWJZm+8Rsg=="
        },
        "set-blocking": {
            "version": "2.0.0",
            "resolved": "https://registry.npmjs.org/set-blocking/-/set-blocking-2.0.0.tgz",
            "integrity": "sha1-BF+XgtARrppoA93TgrJDkrPYkPc="
        },
        "shebang-command": {
            "version": "1.2.0",
            "resolved": "https://registry.npmjs.org/shebang-command/-/shebang-command-1.2.0.tgz",
            "integrity": "sha1-RKrGW2lbAzmJaMOfNj/uXer98eo=",
            "requires": {
                "shebang-regex": "1.0.0"
            }
        },
        "shebang-regex": {
            "version": "1.0.0",
            "resolved": "https://registry.npmjs.org/shebang-regex/-/shebang-regex-1.0.0.tgz",
            "integrity": "sha1-2kL0l0DAtC2yypcoVxyxkMmO/qM="
        },
        "signal-exit": {
            "version": "3.0.2",
            "resolved": "https://registry.npmjs.org/signal-exit/-/signal-exit-3.0.2.tgz",
            "integrity": "sha1-tf3AjxKH6hF4Yo5BXiUTK3NkbG0="
        },
        "spdx-correct": {
            "version": "1.0.2",
            "resolved": "https://registry.npmjs.org/spdx-correct/-/spdx-correct-1.0.2.tgz",
            "integrity": "sha1-SzBz2TP/UfORLwOsVRlJikFQ20A=",
            "requires": {
                "spdx-license-ids": "1.2.2"
            }
        },
        "spdx-expression-parse": {
            "version": "1.0.4",
            "resolved": "https://registry.npmjs.org/spdx-expression-parse/-/spdx-expression-parse-1.0.4.tgz",
            "integrity": "sha1-m98vIOH0DtRH++JzJmGR/O1RYmw="
        },
        "spdx-license-ids": {
            "version": "1.2.2",
            "resolved": "https://registry.npmjs.org/spdx-license-ids/-/spdx-license-ids-1.2.2.tgz",
            "integrity": "sha1-yd96NCRZSt5r0RkA1ZZpbcBrrFc="
        },
        "split": {
            "version": "1.0.1",
            "resolved": "https://registry.npmjs.org/split/-/split-1.0.1.tgz",
            "integrity": "sha512-mTyOoPbrivtXnwnIxZRFYRrPNtEFKlpB2fvjSnCQUiAA6qAZzqwna5envK4uk6OIeP17CsdF3rSBGYVBsU0Tkg==",
            "requires": {
                "through": "2.3.8"
            }
        },
        "stack-trace": {
            "version": "0.0.9",
            "resolved": "https://registry.npmjs.org/stack-trace/-/stack-trace-0.0.9.tgz",
            "integrity": "sha1-qPbq7KkGdMMz58Q5U/J1tFFRBpU="
        },
        "string-width": {
            "version": "2.1.1",
            "resolved": "https://registry.npmjs.org/string-width/-/string-width-2.1.1.tgz",
            "integrity": "sha512-nOqH59deCq9SRHlxq1Aw85Jnt4w6KvLKqWVik6oA9ZklXLNIOlqg4F2yrT1MVaTjAqvVwdfeZ7w7aCvJD7ugkw==",
            "requires": {
                "is-fullwidth-code-point": "2.0.0",
                "strip-ansi": "4.0.0"
            },
            "dependencies": {
                "ansi-regex": {
                    "version": "3.0.0",
                    "resolved": "https://registry.npmjs.org/ansi-regex/-/ansi-regex-3.0.0.tgz",
                    "integrity": "sha1-7QMXwyIGT3lGbAKWa922Bas32Zg="
                },
                "is-fullwidth-code-point": {
                    "version": "2.0.0",
                    "resolved": "https://registry.npmjs.org/is-fullwidth-code-point/-/is-fullwidth-code-point-2.0.0.tgz",
                    "integrity": "sha1-o7MKXE8ZkYMWeqq5O+764937ZU8="
                },
                "strip-ansi": {
                    "version": "4.0.0",
                    "resolved": "https://registry.npmjs.org/strip-ansi/-/strip-ansi-4.0.0.tgz",
                    "integrity": "sha1-qEeQIusaw2iocTibY1JixQXuNo8=",
                    "requires": {
                        "ansi-regex": "3.0.0"
                    }
                }
            }
        },
        "strip-ansi": {
            "version": "3.0.1",
            "resolved": "https://registry.npmjs.org/strip-ansi/-/strip-ansi-3.0.1.tgz",
            "integrity": "sha1-ajhfuIU9lS1f8F0Oiq+UJ43GPc8=",
            "requires": {
                "ansi-regex": "2.1.1"
            }
        },
        "strip-bom": {
            "version": "3.0.0",
            "resolved": "https://registry.npmjs.org/strip-bom/-/strip-bom-3.0.0.tgz",
            "integrity": "sha1-IzTBjpx1n3vdVv3vfprj1YjmjtM="
        },
        "strip-eof": {
            "version": "1.0.0",
            "resolved": "https://registry.npmjs.org/strip-eof/-/strip-eof-1.0.0.tgz",
            "integrity": "sha1-u0P/VZim6wXYm1n80SnJgzE2Br8="
        },
        "supports-color": {
            "version": "4.2.1",
            "resolved": "https://registry.npmjs.org/supports-color/-/supports-color-4.2.1.tgz",
            "integrity": "sha512-qxzYsob3yv6U+xMzPrv170y8AwGP7i74g+pbixCfD6rgso8BscLT2qXIuz6TpOaiJZ3mFgT5O9lyT9nMU4LfaA==",
            "requires": {
                "has-flag": "2.0.0"
            }
        },
        "through": {
            "version": "2.3.8",
            "resolved": "https://registry.npmjs.org/through/-/through-2.3.8.tgz",
            "integrity": "sha1-DdTJ/6q8NXlgsbckEV1+Doai4fU="
        },
        "tmp": {
            "version": "0.0.31",
            "resolved": "https://registry.npmjs.org/tmp/-/tmp-0.0.31.tgz",
            "integrity": "sha1-jzirlDjhcxXl29izZX6L+yd65Kc=",
            "requires": {
                "os-tmpdir": "1.0.2"
            }
        },
        "ts-process-promises": {
            "version": "1.0.2",
            "resolved": "https://registry.npmjs.org/ts-process-promises/-/ts-process-promises-1.0.2.tgz",
            "integrity": "sha512-6qWWz2HdFbD2uAfgS5t65Dd6HQKYjfra+YXQzKzxIG+RKTpoeDi+x+TW85SEF3cWUI2UecrOXJobvD+04MiTZg==",
            "requires": {
                "bluebird": "3.5.0",
                "resolve": "1.4.0",
                "split": "1.0.1",
                "stack-trace": "0.0.9"
            }
        },
        "validate-npm-package-license": {
            "version": "3.0.1",
            "resolved": "https://registry.npmjs.org/validate-npm-package-license/-/validate-npm-package-license-3.0.1.tgz",
            "integrity": "sha1-KAS6vnEq0zeUWaz74kdGqywwP7w=",
            "requires": {
                "spdx-correct": "1.0.2",
                "spdx-expression-parse": "1.0.4"
            }
        },
        "validate-npm-package-name": {
            "version": "3.0.0",
            "resolved": "https://registry.npmjs.org/validate-npm-package-name/-/validate-npm-package-name-3.0.0.tgz",
            "integrity": "sha1-X6kS2B630MdK/BQN5zF/DKffQ34=",
            "dev": true,
            "requires": {
                "builtins": "1.0.3"
            }
        },
        "which": {
            "version": "1.3.0",
            "resolved": "https://registry.npmjs.org/which/-/which-1.3.0.tgz",
            "integrity": "sha512-xcJpopdamTuY5duC/KnTTNBraPK54YwpenP4lzxU8H91GudWpFv38u0CKjclE1Wi2EH2EDz5LRcHcKbCIzqGyg==",
            "requires": {
                "isexe": "2.0.0"
            }
        },
        "which-module": {
            "version": "2.0.0",
            "resolved": "https://registry.npmjs.org/which-module/-/which-module-2.0.0.tgz",
            "integrity": "sha1-2e8H3Od7mQK4o6j6SzHD4/fm6Ho="
        },
        "wrap-ansi": {
            "version": "2.1.0",
            "resolved": "https://registry.npmjs.org/wrap-ansi/-/wrap-ansi-2.1.0.tgz",
            "integrity": "sha1-2Pw9KE3QV5T+hJc8rs3Rz4JP3YU=",
            "requires": {
                "string-width": "1.0.2",
                "strip-ansi": "3.0.1"
            },
            "dependencies": {
                "string-width": {
                    "version": "1.0.2",
                    "resolved": "https://registry.npmjs.org/string-width/-/string-width-1.0.2.tgz",
                    "integrity": "sha1-EYvfW4zcUaKn5w0hHgfisLmxB9M=",
                    "requires": {
                        "code-point-at": "1.1.0",
                        "is-fullwidth-code-point": "1.0.0",
                        "strip-ansi": "3.0.1"
                    }
                }
            }
        },
        "y18n": {
            "version": "3.2.1",
            "resolved": "https://registry.npmjs.org/y18n/-/y18n-3.2.1.tgz",
            "integrity": "sha1-bRX7qITAhnnA136I53WegR4H+kE="
        },
        "yallist": {
            "version": "2.1.2",
            "resolved": "https://registry.npmjs.org/yallist/-/yallist-2.1.2.tgz",
            "integrity": "sha1-HBH5IY8HYImkfdUS+TxmmaaoHVI="
        },
        "yargs": {
            "version": "8.0.2",
            "resolved": "https://registry.npmjs.org/yargs/-/yargs-8.0.2.tgz",
            "integrity": "sha1-YpmpBVsc78lp/355wdkY3Osiw2A=",
            "requires": {
                "camelcase": "4.1.0",
                "cliui": "3.2.0",
                "decamelize": "1.2.0",
                "get-caller-file": "1.0.2",
                "os-locale": "2.1.0",
                "read-pkg-up": "2.0.0",
                "require-directory": "2.1.1",
                "require-main-filename": "1.0.1",
                "set-blocking": "2.0.0",
                "string-width": "2.1.1",
                "which-module": "2.0.0",
                "y18n": "3.2.1",
                "yargs-parser": "7.0.0"
            }
        },
        "yargs-parser": {
            "version": "7.0.0",
            "resolved": "https://registry.npmjs.org/yargs-parser/-/yargs-parser-7.0.0.tgz",
            "integrity": "sha1-jQrELxbqVd69MyyvTEA4s+P139k=",
            "requires": {
                "camelcase": "4.1.0"
            }
        }
    }
}
